// !$*UTF8*$!
{
	archiveVersion = 1;
	classes = {
	};
	objectVersion = 46;
	objects = {

/* Begin PBXBuildFile section */
		4E2F2C1D1EA88BC400A522B7 /* main.m in Sources */ = {isa = PBXBuildFile; fileRef = 4E2F2C1C1EA88BC400A522B7 /* main.m */; };
		4E2F2C201EA88BC400A522B7 /* AppDelegate.m in Sources */ = {isa = PBXBuildFile; fileRef = 4E2F2C1F1EA88BC400A522B7 /* AppDelegate.m */; };
		4E2F2C231EA88BC400A522B7 /* ViewController.m in Sources */ = {isa = PBXBuildFile; fileRef = 4E2F2C221EA88BC400A522B7 /* ViewController.m */; };
		4E2F2C261EA88BC400A522B7 /* Main.storyboard in Resources */ = {isa = PBXBuildFile; fileRef = 4E2F2C241EA88BC400A522B7 /* Main.storyboard */; };
		4E2F2C281EA88BC400A522B7 /* Assets.xcassets in Resources */ = {isa = PBXBuildFile; fileRef = 4E2F2C271EA88BC400A522B7 /* Assets.xcassets */; };
		4E2F2C2B1EA88BC400A522B7 /* LaunchScreen.storyboard in Resources */ = {isa = PBXBuildFile; fileRef = 4E2F2C291EA88BC400A522B7 /* LaunchScreen.storyboard */; };
		4E2F2C361EA88BC400A522B7 /* DLSTests.m in Sources */ = {isa = PBXBuildFile; fileRef = 4E2F2C351EA88BC400A522B7 /* DLSTests.m */; };
		4E2F2C411EA88BC400A522B7 /* DLSUITests.m in Sources */ = {isa = PBXBuildFile; fileRef = 4E2F2C401EA88BC400A522B7 /* DLSUITests.m */; };
		4EFB035E1EAF670700F8A0B9 /* UIButton+utils.m in Sources */ = {isa = PBXBuildFile; fileRef = 4EFB035D1EAF670700F8A0B9 /* UIButton+utils.m */; };
/* End PBXBuildFile section */

/* Begin PBXContainerItemProxy section */
		4E2F2C321EA88BC400A522B7 /* PBXContainerItemProxy */ = {
			isa = PBXContainerItemProxy;
			containerPortal = 4E2F2C101EA88BC400A522B7 /* Project object */;
			proxyType = 1;
			remoteGlobalIDString = 4E2F2C171EA88BC400A522B7;
			remoteInfo = DLS;
		};
		4E2F2C3D1EA88BC400A522B7 /* PBXContainerItemProxy */ = {
			isa = PBXContainerItemProxy;
			containerPortal = 4E2F2C101EA88BC400A522B7 /* Project object */;
			proxyType = 1;
			remoteGlobalIDString = 4E2F2C171EA88BC400A522B7;
			remoteInfo = DLS;
		};
/* End PBXContainerItemProxy section */

/* Begin PBXFileReference section */
		4E2F2C181EA88BC400A522B7 /* DLS.app */ = {isa = PBXFileReference; explicitFileType = wrapper.application; includeInIndex = 0; path = DLS.app; sourceTree = BUILT_PRODUCTS_DIR; };
		4E2F2C1C1EA88BC400A522B7 /* main.m */ = {isa = PBXFileReference; lastKnownFileType = sourcecode.c.objc; path = main.m; sourceTree = "<group>"; };
		4E2F2C1E1EA88BC400A522B7 /* AppDelegate.h */ = {isa = PBXFileReference; lastKnownFileType = sourcecode.c.h; path = AppDelegate.h; sourceTree = "<group>"; };
		4E2F2C1F1EA88BC400A522B7 /* AppDelegate.m */ = {isa = PBXFileReference; lastKnownFileType = sourcecode.c.objc; path = AppDelegate.m; sourceTree = "<group>"; };
		4E2F2C211EA88BC400A522B7 /* ViewController.h */ = {isa = PBXFileReference; lastKnownFileType = sourcecode.c.h; path = ViewController.h; sourceTree = "<group>"; };
		4E2F2C221EA88BC400A522B7 /* ViewController.m */ = {isa = PBXFileReference; lastKnownFileType = sourcecode.c.objc; path = ViewController.m; sourceTree = "<group>"; };
		4E2F2C251EA88BC400A522B7 /* Base */ = {isa = PBXFileReference; lastKnownFileType = file.storyboard; name = Base; path = Base.lproj/Main.storyboard; sourceTree = "<group>"; };
		4E2F2C271EA88BC400A522B7 /* Assets.xcassets */ = {isa = PBXFileReference; lastKnownFileType = folder.assetcatalog; path = Assets.xcassets; sourceTree = "<group>"; };
		4E2F2C2A1EA88BC400A522B7 /* Base */ = {isa = PBXFileReference; lastKnownFileType = file.storyboard; name = Base; path = Base.lproj/LaunchScreen.storyboard; sourceTree = "<group>"; };
		4E2F2C2C1EA88BC400A522B7 /* Info.plist */ = {isa = PBXFileReference; lastKnownFileType = text.plist.xml; path = Info.plist; sourceTree = "<group>"; };
		4E2F2C311EA88BC400A522B7 /* DLSTests.xctest */ = {isa = PBXFileReference; explicitFileType = wrapper.cfbundle; includeInIndex = 0; path = DLSTests.xctest; sourceTree = BUILT_PRODUCTS_DIR; };
		4E2F2C351EA88BC400A522B7 /* DLSTests.m */ = {isa = PBXFileReference; lastKnownFileType = sourcecode.c.objc; path = DLSTests.m; sourceTree = "<group>"; };
		4E2F2C371EA88BC400A522B7 /* Info.plist */ = {isa = PBXFileReference; lastKnownFileType = text.plist.xml; path = Info.plist; sourceTree = "<group>"; };
		4E2F2C3C1EA88BC400A522B7 /* DLSUITests.xctest */ = {isa = PBXFileReference; explicitFileType = wrapper.cfbundle; includeInIndex = 0; path = DLSUITests.xctest; sourceTree = BUILT_PRODUCTS_DIR; };
		4E2F2C401EA88BC400A522B7 /* DLSUITests.m */ = {isa = PBXFileReference; lastKnownFileType = sourcecode.c.objc; path = DLSUITests.m; sourceTree = "<group>"; };
		4E2F2C421EA88BC400A522B7 /* Info.plist */ = {isa = PBXFileReference; lastKnownFileType = text.plist.xml; path = Info.plist; sourceTree = "<group>"; };
		4EFB035C1EAF670700F8A0B9 /* UIButton+utils.h */ = {isa = PBXFileReference; fileEncoding = 4; lastKnownFileType = sourcecode.c.h; path = "UIButton+utils.h"; sourceTree = "<group>"; };
		4EFB035D1EAF670700F8A0B9 /* UIButton+utils.m */ = {isa = PBXFileReference; fileEncoding = 4; lastKnownFileType = sourcecode.c.objc; path = "UIButton+utils.m"; sourceTree = "<group>"; };
/* End PBXFileReference section */

/* Begin PBXFrameworksBuildPhase section */
		4E2F2C151EA88BC400A522B7 /* Frameworks */ = {
			isa = PBXFrameworksBuildPhase;
			buildActionMask = 2147483647;
			files = (
			);
			runOnlyForDeploymentPostprocessing = 0;
		};
		4E2F2C2E1EA88BC400A522B7 /* Frameworks */ = {
			isa = PBXFrameworksBuildPhase;
			buildActionMask = 2147483647;
			files = (
			);
			runOnlyForDeploymentPostprocessing = 0;
		};
		4E2F2C391EA88BC400A522B7 /* Frameworks */ = {
			isa = PBXFrameworksBuildPhase;
			buildActionMask = 2147483647;
			files = (
			);
			runOnlyForDeploymentPostprocessing = 0;
		};
/* End PBXFrameworksBuildPhase section */

/* Begin PBXGroup section */
		4E2F2C0F1EA88BC400A522B7 = {
			isa = PBXGroup;
			children = (
				4E2F2C1A1EA88BC400A522B7 /* DLS */,
				4E2F2C341EA88BC400A522B7 /* DLSTests */,
				4E2F2C3F1EA88BC400A522B7 /* DLSUITests */,
				4E2F2C191EA88BC400A522B7 /* Products */,
			);
			sourceTree = "<group>";
		};
		4E2F2C191EA88BC400A522B7 /* Products */ = {
			isa = PBXGroup;
			children = (
				4E2F2C181EA88BC400A522B7 /* DLS.app */,
				4E2F2C311EA88BC400A522B7 /* DLSTests.xctest */,
				4E2F2C3C1EA88BC400A522B7 /* DLSUITests.xctest */,
			);
			name = Products;
			sourceTree = "<group>";
		};
		4E2F2C1A1EA88BC400A522B7 /* DLS */ = {
			isa = PBXGroup;
			children = (
				4E2F2C1E1EA88BC400A522B7 /* AppDelegate.h */,
				4E2F2C1F1EA88BC400A522B7 /* AppDelegate.m */,
				4E2F2C211EA88BC400A522B7 /* ViewController.h */,
				4E2F2C221EA88BC400A522B7 /* ViewController.m */,
				4EFB035C1EAF670700F8A0B9 /* UIButton+utils.h */,
				4EFB035D1EAF670700F8A0B9 /* UIButton+utils.m */,
				4E2F2C241EA88BC400A522B7 /* Main.storyboard */,
				4E2F2C271EA88BC400A522B7 /* Assets.xcassets */,
				4E2F2C291EA88BC400A522B7 /* LaunchScreen.storyboard */,
				4E2F2C2C1EA88BC400A522B7 /* Info.plist */,
				4E2F2C1B1EA88BC400A522B7 /* Supporting Files */,
			);
			path = DLS;
			sourceTree = "<group>";
		};
		4E2F2C1B1EA88BC400A522B7 /* Supporting Files */ = {
			isa = PBXGroup;
			children = (
				4E2F2C1C1EA88BC400A522B7 /* main.m */,
			);
			name = "Supporting Files";
			sourceTree = "<group>";
		};
		4E2F2C341EA88BC400A522B7 /* DLSTests */ = {
			isa = PBXGroup;
			children = (
				4E2F2C351EA88BC400A522B7 /* DLSTests.m */,
				4E2F2C371EA88BC400A522B7 /* Info.plist */,
			);
			path = DLSTests;
			sourceTree = "<group>";
		};
		4E2F2C3F1EA88BC400A522B7 /* DLSUITests */ = {
			isa = PBXGroup;
			children = (
				4E2F2C401EA88BC400A522B7 /* DLSUITests.m */,
				4E2F2C421EA88BC400A522B7 /* Info.plist */,
			);
			path = DLSUITests;
			sourceTree = "<group>";
		};
/* End PBXGroup section */

/* Begin PBXNativeTarget section */
		4E2F2C171EA88BC400A522B7 /* DLS */ = {
			isa = PBXNativeTarget;
			buildConfigurationList = 4E2F2C451EA88BC500A522B7 /* Build configuration list for PBXNativeTarget "DLS" */;
			buildPhases = (
				4E2F2C141EA88BC400A522B7 /* Sources */,
				4E2F2C151EA88BC400A522B7 /* Frameworks */,
				4E2F2C161EA88BC400A522B7 /* Resources */,
			);
			buildRules = (
			);
			dependencies = (
			);
			name = DLS;
			productName = DLS;
			productReference = 4E2F2C181EA88BC400A522B7 /* DLS.app */;
			productType = "com.apple.product-type.application";
		};
		4E2F2C301EA88BC400A522B7 /* DLSTests */ = {
			isa = PBXNativeTarget;
			buildConfigurationList = 4E2F2C481EA88BC500A522B7 /* Build configuration list for PBXNativeTarget "DLSTests" */;
			buildPhases = (
				4E2F2C2D1EA88BC400A522B7 /* Sources */,
				4E2F2C2E1EA88BC400A522B7 /* Frameworks */,
				4E2F2C2F1EA88BC400A522B7 /* Resources */,
			);
			buildRules = (
			);
			dependencies = (
				4E2F2C331EA88BC400A522B7 /* PBXTargetDependency */,
			);
			name = DLSTests;
			productName = DLSTests;
			productReference = 4E2F2C311EA88BC400A522B7 /* DLSTests.xctest */;
			productType = "com.apple.product-type.bundle.unit-test";
		};
		4E2F2C3B1EA88BC400A522B7 /* DLSUITests */ = {
			isa = PBXNativeTarget;
			buildConfigurationList = 4E2F2C4B1EA88BC500A522B7 /* Build configuration list for PBXNativeTarget "DLSUITests" */;
			buildPhases = (
				4E2F2C381EA88BC400A522B7 /* Sources */,
				4E2F2C391EA88BC400A522B7 /* Frameworks */,
				4E2F2C3A1EA88BC400A522B7 /* Resources */,
			);
			buildRules = (
			);
			dependencies = (
				4E2F2C3E1EA88BC400A522B7 /* PBXTargetDependency */,
			);
			name = DLSUITests;
			productName = DLSUITests;
			productReference = 4E2F2C3C1EA88BC400A522B7 /* DLSUITests.xctest */;
			productType = "com.apple.product-type.bundle.ui-testing";
		};
/* End PBXNativeTarget section */

/* Begin PBXProject section */
		4E2F2C101EA88BC400A522B7 /* Project object */ = {
			isa = PBXProject;
			attributes = {
				LastUpgradeCheck = 0830;
				ORGANIZATIONNAME = "郭超";
				TargetAttributes = {
					4E2F2C171EA88BC400A522B7 = {
						CreatedOnToolsVersion = 8.3.2;
						DevelopmentTeam = 23FJEE2LF9;
						ProvisioningStyle = Automatic;
					};
					4E2F2C301EA88BC400A522B7 = {
						CreatedOnToolsVersion = 8.3.2;
						DevelopmentTeam = 23FJEE2LF9;
						ProvisioningStyle = Automatic;
						TestTargetID = 4E2F2C171EA88BC400A522B7;
					};
					4E2F2C3B1EA88BC400A522B7 = {
						CreatedOnToolsVersion = 8.3.2;
						DevelopmentTeam = 23FJEE2LF9;
						ProvisioningStyle = Automatic;
						TestTargetID = 4E2F2C171EA88BC400A522B7;
					};
				};
			};
			buildConfigurationList = 4E2F2C131EA88BC400A522B7 /* Build configuration list for PBXProject "DLS" */;
			compatibilityVersion = "Xcode 3.2";
			developmentRegion = English;
			hasScannedForEncodings = 0;
			knownRegions = (
				en,
				Base,
			);
			mainGroup = 4E2F2C0F1EA88BC400A522B7;
			productRefGroup = 4E2F2C191EA88BC400A522B7 /* Products */;
			projectDirPath = "";
			projectRoot = "";
			targets = (
				4E2F2C171EA88BC400A522B7 /* DLS */,
				4E2F2C301EA88BC400A522B7 /* DLSTests */,
				4E2F2C3B1EA88BC400A522B7 /* DLSUITests */,
			);
		};
/* End PBXProject section */

/* Begin PBXResourcesBuildPhase section */
		4E2F2C161EA88BC400A522B7 /* Resources */ = {
			isa = PBXResourcesBuildPhase;
			buildActionMask = 2147483647;
			files = (
				4E2F2C2B1EA88BC400A522B7 /* LaunchScreen.storyboard in Resources */,
				4E2F2C281EA88BC400A522B7 /* Assets.xcassets in Resources */,
				4E2F2C261EA88BC400A522B7 /* Main.storyboard in Resources */,
			);
			runOnlyForDeploymentPostprocessing = 0;
		};
		4E2F2C2F1EA88BC400A522B7 /* Resources */ = {
			isa = PBXResourcesBuildPhase;
			buildActionMask = 2147483647;
			files = (
			);
			runOnlyForDeploymentPostprocessing = 0;
		};
		4E2F2C3A1EA88BC400A522B7 /* Resources */ = {
			isa = PBXResourcesBuildPhase;
			buildActionMask = 2147483647;
			files = (
			);
			runOnlyForDeploymentPostprocessing = 0;
		};
/* End PBXResourcesBuildPhase section */

/* Begin PBXSourcesBuildPhase section */
		4E2F2C141EA88BC400A522B7 /* Sources */ = {
			isa = PBXSourcesBuildPhase;
			buildActionMask = 2147483647;
			files = (
				4E2F2C231EA88BC400A522B7 /* ViewController.m in Sources */,
				4E2F2C201EA88BC400A522B7 /* AppDelegate.m in Sources */,
				4EFB035E1EAF670700F8A0B9 /* UIButton+utils.m in Sources */,
				4E2F2C1D1EA88BC400A522B7 /* main.m in Sources */,
			);
			runOnlyForDeploymentPostprocessing = 0;
		};
		4E2F2C2D1EA88BC400A522B7 /* Sources */ = {
			isa = PBXSourcesBuildPhase;
			buildActionMask = 2147483647;
			files = (
				4E2F2C361EA88BC400A522B7 /* DLSTests.m in Sources */,
			);
			runOnlyForDeploymentPostprocessing = 0;
		};
		4E2F2C381EA88BC400A522B7 /* Sources */ = {
			isa = PBXSourcesBuildPhase;
			buildActionMask = 2147483647;
			files = (
				4E2F2C411EA88BC400A522B7 /* DLSUITests.m in Sources */,
			);
			runOnlyForDeploymentPostprocessing = 0;
		};
/* End PBXSourcesBuildPhase section */

/* Begin PBXTargetDependency section */
		4E2F2C331EA88BC400A522B7 /* PBXTargetDependency */ = {
			isa = PBXTargetDependency;
			target = 4E2F2C171EA88BC400A522B7 /* DLS */;
			targetProxy = 4E2F2C321EA88BC400A522B7 /* PBXContainerItemProxy */;
		};
		4E2F2C3E1EA88BC400A522B7 /* PBXTargetDependency */ = {
			isa = PBXTargetDependency;
			target = 4E2F2C171EA88BC400A522B7 /* DLS */;
			targetProxy = 4E2F2C3D1EA88BC400A522B7 /* PBXContainerItemProxy */;
		};
/* End PBXTargetDependency section */

/* Begin PBXVariantGroup section */
		4E2F2C241EA88BC400A522B7 /* Main.storyboard */ = {
			isa = PBXVariantGroup;
			children = (
				4E2F2C251EA88BC400A522B7 /* Base */,
			);
			name = Main.storyboard;
			sourceTree = "<group>";
		};
		4E2F2C291EA88BC400A522B7 /* LaunchScreen.storyboard */ = {
			isa = PBXVariantGroup;
			children = (
				4E2F2C2A1EA88BC400A522B7 /* Base */,
			);
			name = LaunchScreen.storyboard;
			sourceTree = "<group>";
		};
/* End PBXVariantGroup section */

/* Begin XCBuildConfiguration section */
		4E2F2C431EA88BC400A522B7 /* Debug */ = {
			isa = XCBuildConfiguration;
			buildSettings = {
				ALWAYS_SEARCH_USER_PATHS = NO;
				CLANG_ANALYZER_NONNULL = YES;
				CLANG_ANALYZER_NUMBER_OBJECT_CONVERSION = YES_AGGRESSIVE;
				CLANG_CXX_LANGUAGE_STANDARD = "gnu++0x";
				CLANG_CXX_LIBRARY = "libc++";
				CLANG_ENABLE_MODULES = YES;
				CLANG_ENABLE_OBJC_ARC = YES;
				CLANG_WARN_BOOL_CONVERSION = YES;
				CLANG_WARN_CONSTANT_CONVERSION = YES;
				CLANG_WARN_DIRECT_OBJC_ISA_USAGE = YES_ERROR;
				CLANG_WARN_DOCUMENTATION_COMMENTS = YES;
				CLANG_WARN_EMPTY_BODY = YES;
				CLANG_WARN_ENUM_CONVERSION = YES;
				CLANG_WARN_INFINITE_RECURSION = YES;
				CLANG_WARN_INT_CONVERSION = YES;
				CLANG_WARN_OBJC_ROOT_CLASS = YES_ERROR;
				CLANG_WARN_SUSPICIOUS_MOVE = YES;
				CLANG_WARN_UNREACHABLE_CODE = YES;
				CLANG_WARN__DUPLICATE_METHOD_MATCH = YES;
				"CODE_SIGN_IDENTITY[sdk=iphoneos*]" = "iPhone Developer";
				COPY_PHASE_STRIP = NO;
				DEBUG_INFORMATION_FORMAT = dwarf;
				ENABLE_STRICT_OBJC_MSGSEND = YES;
				ENABLE_TESTABILITY = YES;
				GCC_C_LANGUAGE_STANDARD = gnu99;
				GCC_DYNAMIC_NO_PIC = NO;
				GCC_NO_COMMON_BLOCKS = YES;
				GCC_OPTIMIZATION_LEVEL = 0;
				GCC_PREPROCESSOR_DEFINITIONS = (
					"DEBUG=1",
					"$(inherited)",
				);
				GCC_WARN_64_TO_32_BIT_CONVERSION = YES;
				GCC_WARN_ABOUT_RETURN_TYPE = YES_ERROR;
				GCC_WARN_UNDECLARED_SELECTOR = YES;
				GCC_WARN_UNINITIALIZED_AUTOS = YES_AGGRESSIVE;
				GCC_WARN_UNUSED_FUNCTION = YES;
				GCC_WARN_UNUSED_VARIABLE = YES;
				IPHONEOS_DEPLOYMENT_TARGET = 10.3;
				MTL_ENABLE_DEBUG_INFO = YES;
				ONLY_ACTIVE_ARCH = YES;
				SDKROOT = iphoneos;
				TARGETED_DEVICE_FAMILY = "1,2";
			};
			name = Debug;
		};
		4E2F2C441EA88BC400A522B7 /* Release */ = {
			isa = XCBuildConfiguration;
			buildSettings = {
				ALWAYS_SEARCH_USER_PATHS = NO;
				CLANG_ANALYZER_NONNULL = YES;
				CLANG_ANALYZER_NUMBER_OBJECT_CONVERSION = YES_AGGRESSIVE;
				CLANG_CXX_LANGUAGE_STANDARD = "gnu++0x";
				CLANG_CXX_LIBRARY = "libc++";
				CLANG_ENABLE_MODULES = YES;
				CLANG_ENABLE_OBJC_ARC = YES;
				CLANG_WARN_BOOL_CONVERSION = YES;
				CLANG_WARN_CONSTANT_CONVERSION = YES;
				CLANG_WARN_DIRECT_OBJC_ISA_USAGE = YES_ERROR;
				CLANG_WARN_DOCUMENTATION_COMMENTS = YES;
				CLANG_WARN_EMPTY_BODY = YES;
				CLANG_WARN_ENUM_CONVERSION = YES;
				CLANG_WARN_INFINITE_RECURSION = YES;
				CLANG_WARN_INT_CONVERSION = YES;
				CLANG_WARN_OBJC_ROOT_CLASS = YES_ERROR;
				CLANG_WARN_SUSPICIOUS_MOVE = YES;
				CLANG_WARN_UNREACHABLE_CODE = YES;
				CLANG_WARN__DUPLICATE_METHOD_MATCH = YES;
				"CODE_SIGN_IDENTITY[sdk=iphoneos*]" = "iPhone Developer";
				COPY_PHASE_STRIP = NO;
				DEBUG_INFORMATION_FORMAT = "dwarf-with-dsym";
				ENABLE_NS_ASSERTIONS = NO;
				ENABLE_STRICT_OBJC_MSGSEND = YES;
				GCC_C_LANGUAGE_STANDARD = gnu99;
				GCC_NO_COMMON_BLOCKS = YES;
				GCC_WARN_64_TO_32_BIT_CONVERSION = YES;
				GCC_WARN_ABOUT_RETURN_TYPE = YES_ERROR;
				GCC_WARN_UNDECLARED_SELECTOR = YES;
				GCC_WARN_UNINITIALIZED_AUTOS = YES_AGGRESSIVE;
				GCC_WARN_UNUSED_FUNCTION = YES;
				GCC_WARN_UNUSED_VARIABLE = YES;
				IPHONEOS_DEPLOYMENT_TARGET = 10.3;
				MTL_ENABLE_DEBUG_INFO = NO;
				SDKROOT = iphoneos;
				TARGETED_DEVICE_FAMILY = "1,2";
				VALIDATE_PRODUCT = YES;
			};
			name = Release;
		};
		4E2F2C461EA88BC500A522B7 /* Debug */ = {
			isa = XCBuildConfiguration;
			buildSettings = {
				ASSETCATALOG_COMPILER_APPICON_NAME = AppIcon;
				DEVELOPMENT_TEAM = 23FJEE2LF9;
				INFOPLIST_FILE = DLS/Info.plist;
				LD_RUNPATH_SEARCH_PATHS = "$(inherited) @executable_path/Frameworks";
				PRODUCT_BUNDLE_IDENTIFIER = xqd.DLS;
				PRODUCT_NAME = "$(TARGET_NAME)";
			};
			name = Debug;
		};
		4E2F2C471EA88BC500A522B7 /* Release */ = {
			isa = XCBuildConfiguration;
			buildSettings = {
				ASSETCATALOG_COMPILER_APPICON_NAME = AppIcon;
				DEVELOPMENT_TEAM = 23FJEE2LF9;
				INFOPLIST_FILE = DLS/Info.plist;
				LD_RUNPATH_SEARCH_PATHS = "$(inherited) @executable_path/Frameworks";
				PRODUCT_BUNDLE_IDENTIFIER = xqd.DLS;
				PRODUCT_NAME = "$(TARGET_NAME)";
			};
			name = Release;
		};
		4E2F2C491EA88BC500A522B7 /* Debug */ = {
			isa = XCBuildConfiguration;
			buildSettings = {
				BUNDLE_LOADER = "$(TEST_HOST)";
				DEVELOPMENT_TEAM = 23FJEE2LF9;
				INFOPLIST_FILE = DLSTests/Info.plist;
				LD_RUNPATH_SEARCH_PATHS = "$(inherited) @executable_path/Frameworks @loader_path/Frameworks";
				PRODUCT_BUNDLE_IDENTIFIER = xqd.DLSTests;
				PRODUCT_NAME = "$(TARGET_NAME)";
				TEST_HOST = "$(BUILT_PRODUCTS_DIR)/DLS.app/DLS";
			};
			name = Debug;
		};
		4E2F2C4A1EA88BC500A522B7 /* Release */ = {
			isa = XCBuildConfiguration;
			buildSettings = {
				BUNDLE_LOADER = "$(TEST_HOST)";
				DEVELOPMENT_TEAM = 23FJEE2LF9;
				INFOPLIST_FILE = DLSTests/Info.plist;
				LD_RUNPATH_SEARCH_PATHS = "$(inherited) @executable_path/Frameworks @loader_path/Frameworks";
				PRODUCT_BUNDLE_IDENTIFIER = xqd.DLSTests;
				PRODUCT_NAME = "$(TARGET_NAME)";
				TEST_HOST = "$(BUILT_PRODUCTS_DIR)/DLS.app/DLS";
			};
			name = Release;
		};
		4E2F2C4C1EA88BC500A522B7 /* Debug */ = {
			isa = XCBuildConfiguration;
			buildSettings = {
				DEVELOPMENT_TEAM = 23FJEE2LF9;
				INFOPLIST_FILE = DLSUITests/Info.plist;
				LD_RUNPATH_SEARCH_PATHS = "$(inherited) @executable_path/Frameworks @loader_path/Frameworks";
				PRODUCT_BUNDLE_IDENTIFIER = xqd.DLSUITests;
				PRODUCT_NAME = "$(TARGET_NAME)";
				TEST_TARGET_NAME = DLS;
			};
			name = Debug;
		};
		4E2F2C4D1EA88BC500A522B7 /* Release */ = {
			isa = XCBuildConfiguration;
			buildSettings = {
				DEVELOPMENT_TEAM = 23FJEE2LF9;
				INFOPLIST_FILE = DLSUITests/Info.plist;
				LD_RUNPATH_SEARCH_PATHS = "$(inherited) @executable_path/Frameworks @loader_path/Frameworks";
				PRODUCT_BUNDLE_IDENTIFIER = xqd.DLSUITests;
				PRODUCT_NAME = "$(TARGET_NAME)";
				TEST_TARGET_NAME = DLS;
			};
			name = Release;
		};
/* End XCBuildConfiguration section */

/* Begin XCConfigurationList section */
		4E2F2C131EA88BC400A522B7 /* Build configuration list for PBXProject "DLS" */ = {
			isa = XCConfigurationList;
			buildConfigurations = (
				4E2F2C431EA88BC400A522B7 /* Debug */,
				4E2F2C441EA88BC400A522B7 /* Release */,
			);
			defaultConfigurationIsVisible = 0;
			defaultConfigurationName = Release;
		};
		4E2F2C451EA88BC500A522B7 /* Build configuration list for PBXNativeTarget "DLS" */ = {
			isa = XCConfigurationList;
			buildConfigurations = (
				4E2F2C461EA88BC500A522B7 /* Debug */,
				4E2F2C471EA88BC500A522B7 /* Release */,
			);
			defaultConfigurationIsVisible = 0;
			defaultConfigurationName = Release;
		};
		4E2F2C481EA88BC500A522B7 /* Build configuration list for PBXNativeTarget "DLSTests" */ = {
			isa = XCConfigurationList;
			buildConfigurations = (
				4E2F2C491EA88BC500A522B7 /* Debug */,
				4E2F2C4A1EA88BC500A522B7 /* Release */,
			);
			defaultConfigurationIsVisible = 0;
			defaultConfigurationName = Release;
		};
		4E2F2C4B1EA88BC500A522B7 /* Build configuration list for PBXNativeTarget "DLSUITests" */ = {
			isa = XCConfigurationList;
			buildConfigurations = (
				4E2F2C4C1EA88BC500A522B7 /* Debug */,
				4E2F2C4D1EA88BC500A522B7 /* Release */,
			);
			defaultConfigurationIsVisible = 0;
			defaultConfigurationName = Release;
		};
/* End XCConfigurationList section */
	};
	rootObject = 4E2F2C101EA88BC400A522B7 /* Project object */;
}
